{
  "object": {
    "pins": [
      {
        "package": "CoreModule",
        "repositoryURL": "https://github.com/ArdOnat/CoreModule.git",
        "state": {
          "branch": null,
          "revision": "d6396d9a6bce3b35267768d875277baa18d2a1f9",
          "version": "1.1.5"
        }
      }
    ]
  },
  "version": 1
}
