{
  "object": {
    "pins": [
      {
        "package": "CoreModule",
        "repositoryURL": "https://github.com/ArdOnat/CoreModule.git",
        "state": {
          "branch": null,
          "revision": "8b2658d5cda7dd71be67a30139fbf34ae6cb7f0f",
          "version": "1.3.2"
        }
      }
    ]
  },
  "version": 1
}
