{
  "object": {
    "pins": [
      {
        "package": "CoreModule",
        "repositoryURL": "https://github.com/ArdOnat/CoreModule.git",
        "state": {
          "branch": null,
          "revision": "d4eead2927f6e205343fce699cf65fc6c6bc7f82",
          "version": "1.4.0"
        }
      }
    ]
  },
  "version": 1
}
